Microsoft Visual Studio Solution File, Format Version 12.00
# Visual Studio Version 16
VisualStudioVersion = 16.0.0.0
MinimumVisualStudioVersion = 16.0.0.0
Project("{9A19103F-16F7-4668-BE54-9A1E7A4F7556}") = "PortfolioWebsite.Server", "Server\PortfolioWebsite.Server.csproj", "{6457460A-C87A-439B-9126-AA224548D667}"
EndProject
Project("{9A19103F-16F7-4668-BE54-9A1E7A4F7556}") = "PortfolioWebsite.Client", "Client\PortfolioWebsite.Client.csproj", "{DB9C3E57-F010-4C44-913A-21726D79FCC3}"
EndProject
Project("{9A19103F-16F7-4668-BE54-9A1E7A4F7556}") = "PortfolioWebsite.Shared", "Shared\PortfolioWebsite.Shared.csproj", "{32A7A34E-B7FA-4BCD-8DD7-182B74679A9B}"
EndProject
Global
	GlobalSection(SolutionConfigurationPlatforms) = preSolution
		Debug|Any CPU = Debug|Any CPU
		Debug|x64 = Debug|x64
		Debug|x86 = Debug|x86
		Release|Any CPU = Release|Any CPU
		Release|x64 = Release|x64
		Release|x86 = Release|x86
	EndGlobalSection
	GlobalSection(ProjectConfigurationPlatforms) = postSolution
		{DB9C3E57-F010-4C44-913A-21726D79FCC3}.Debug|Any CPU.ActiveCfg = Debug|Any CPU
		{DB9C3E57-F010-4C44-913A-21726D79FCC3}.Debug|Any CPU.Build.0 = Debug|Any CPU
		{DB9C3E57-F010-4C44-913A-21726D79FCC3}.Debug|x64.ActiveCfg = Debug|Any CPU
		{DB9C3E57-F010-4C44-913A-21726D79FCC3}.Debug|x64.Build.0 = Debug|Any CPU
		{DB9C3E57-F010-4C44-913A-21726D79FCC3}.Debug|x86.ActiveCfg = Debug|Any CPU
		{DB9C3E57-F010-4C44-913A-21726D79FCC3}.Debug|x86.Build.0 = Debug|Any CPU
		{DB9C3E57-F010-4C44-913A-21726D79FCC3}.Release|Any CPU.ActiveCfg = Release|Any CPU
		{DB9C3E57-F010-4C44-913A-21726D79FCC3}.Release|Any CPU.Build.0 = Release|Any CPU
		{DB9C3E57-F010-4C44-913A-21726D79FCC3}.Release|x64.ActiveCfg = Release|Any CPU
		{DB9C3E57-F010-4C44-913A-21726D79FCC3}.Release|x64.Build.0 = Release|Any CPU
		{DB9C3E57-F010-4C44-913A-21726D79FCC3}.Release|x86.ActiveCfg = Release|Any CPU
		{DB9C3E57-F010-4C44-913A-21726D79FCC3}.Release|x86.Build.0 = Release|Any CPU
		{6457460A-C87A-439B-9126-AA224548D667}.Debug|Any CPU.ActiveCfg = Debug|Any CPU
		{6457460A-C87A-439B-9126-AA224548D667}.Debug|Any CPU.Build.0 = Debug|Any CPU
		{6457460A-C87A-439B-9126-AA224548D667}.Debug|x64.ActiveCfg = Debug|Any CPU
		{6457460A-C87A-439B-9126-AA224548D667}.Debug|x64.Build.0 = Debug|Any CPU
		{6457460A-C87A-439B-9126-AA224548D667}.Debug|x86.ActiveCfg = Debug|Any CPU
		{6457460A-C87A-439B-9126-AA224548D667}.Debug|x86.Build.0 = Debug|Any CPU
		{6457460A-C87A-439B-9126-AA224548D667}.Release|Any CPU.ActiveCfg = Release|Any CPU
		{6457460A-C87A-439B-9126-AA224548D667}.Release|Any CPU.Build.0 = Release|Any CPU
		{6457460A-C87A-439B-9126-AA224548D667}.Release|x64.ActiveCfg = Release|Any CPU
		{6457460A-C87A-439B-9126-AA224548D667}.Release|x64.Build.0 = Release|Any CPU
		{6457460A-C87A-439B-9126-AA224548D667}.Release|x86.ActiveCfg = Release|Any CPU
		{6457460A-C87A-439B-9126-AA224548D667}.Release|x86.Build.0 = Release|Any CPU
		{32A7A34E-B7FA-4BCD-8DD7-182B74679A9B}.Debug|Any CPU.ActiveCfg = Debug|Any CPU
		{32A7A34E-B7FA-4BCD-8DD7-182B74679A9B}.Debug|Any CPU.Build.0 = Debug|Any CPU
		{32A7A34E-B7FA-4BCD-8DD7-182B74679A9B}.Debug|x64.ActiveCfg = Debug|Any CPU
		{32A7A34E-B7FA-4BCD-8DD7-182B74679A9B}.Debug|x64.Build.0 = Debug|Any CPU
		{32A7A34E-B7FA-4BCD-8DD7-182B74679A9B}.Debug|x86.ActiveCfg = Debug|Any CPU
		{32A7A34E-B7FA-4BCD-8DD7-182B74679A9B}.Debug|x86.Build.0 = Debug|Any CPU
		{32A7A34E-B7FA-4BCD-8DD7-182B74679A9B}.Release|Any CPU.ActiveCfg = Release|Any CPU
		{32A7A34E-B7FA-4BCD-8DD7-182B74679A9B}.Release|Any CPU.Build.0 = Release|Any CPU
		{32A7A34E-B7FA-4BCD-8DD7-182B74679A9B}.Release|x64.ActiveCfg = Release|Any CPU
		{32A7A34E-B7FA-4BCD-8DD7-182B74679A9B}.Release|x64.Build.0 = Release|Any CPU
		{32A7A34E-B7FA-4BCD-8DD7-182B74679A9B}.Release|x86.ActiveCfg = Release|Any CPU
		{32A7A34E-B7FA-4BCD-8DD7-182B74679A9B}.Release|x86.Build.0 = Release|Any CPU
	EndGlobalSection
	GlobalSection(SolutionProperties) = preSolution
		HideSolutionNode = FALSE
	EndGlobalSection
	GlobalSection(ExtensibilityGlobals) = postSolution
		SolutionGuid = {7AF2244F-A653-461D-8B74-09E5EED328AB}
	EndGlobalSection
EndGlobal